{
  "name": "demouselib",
  "version": "1.0.0",
  "lockfileVersion": 1,
  "requires": true,
  "dependencies": {
    "demolibgitmpmts": {
      "version": "0.0.0",
      "resolved": "https://registry.npmjs.org/demolibgitmpmts/-/demolibgitmpmts-0.0.0.tgz",
      "integrity": "sha512-A1Fus6HCfmQ6tgG05gdU4MJ+a7n7JBDygefTv8CRIB+omUa1qwXweETgh4oWMQZb3mvpVAwQeZhCQtyEeyyAaQ=="
    }
  }
}
